<Solution>
  <Project Path="Ques 3/Ques 3.csproj" Id="54fb0b19-0608-4fa2-a60f-557345a92ee8" />
  <Project Path="Question 4/Question 4.csproj" Id="8b647722-0c07-4898-99d2-a184fe270e29" />
  <Project Path="Question3/Question2.csproj" />
  <Project Path="Student System/Student System.csproj" />
</Solution>
